{
  "name": "mercadopago",
  "requires": true,
  "lockfileVersion": 1,
  "dependencies": {
    "@material/animation": {
      "version": "0.25.0",
      "resolved": "https://registry.npmjs.org/@material/animation/-/animation-0.25.0.tgz",
      "integrity": "sha512-4RzlpMwJtMnQ3/rNf4zpG9qnoQcCkYiRs6U515MRQzv7qFl1eCZx3U3dGaUu7UVf3Hwx4RskUB/fBxGc0b61CQ=="
    },
    "@material/auto-init": {
      "version": "0.32.0",
      "resolved": "https://registry.npmjs.org/@material/auto-init/-/auto-init-0.32.0.tgz",
      "integrity": "sha512-yodqrTC/MjGt/dM4jiouWJuT8XRpthxicV/If/qUJUeznTkzHMvHp4hWJBcEiyjfryxvzTEoKOl5X8k/gx1GAw=="
    },
    "@material/base": {
      "version": "0.29.0",
      "resolved": "https://registry.npmjs.org/@material/base/-/base-0.29.0.tgz",
      "integrity": "sha512-5jgaxI0x18JWb7orFPNm+on3Oe1o0RUgrh/xSpuJ4U4rEwMmC94rOMdacllaenmUuLq1DRPE7UeGOzfWfZf3bQ=="
    },
    "@material/button": {
      "version": "0.33.0",
      "resolved": "https://registry.npmjs.org/@material/button/-/button-0.33.0.tgz",
      "integrity": "sha512-B8tBKwa0ZRAHgJhASboxqIkoWbvBJMNF3xjTA1Es5JknTTHH2KZiH0xYaiKlGUPyVzo81aOW92blZSr/sASsSw==",
      "requires": {
        "@material/elevation": "0.28.0",
        "@material/ripple": "0.33.0",
        "@material/rtl": "0.33.0",
        "@material/theme": "0.33.0",
        "@material/typography": "0.28.0"
      }
    },
    "@material/card": {
      "version": "0.33.0",
      "resolved": "https://registry.npmjs.org/@material/card/-/card-0.33.0.tgz",
      "integrity": "sha512-Cy0mkceFiQ1wmnXj/S6/p/zuQjxMa/DEa/pWUC3uzNKXaPHjexQBgski8pPsrIYQ7ROhO3MnCL3zVXkJPZ5CUA==",
      "requires": {
        "@material/elevation": "0.28.0",
        "@material/ripple": "0.33.0",
        "@material/rtl": "0.33.0",
        "@material/theme": "0.33.0"
      }
    },
    "@material/checkbox": {
      "version": "0.33.0",
      "resolved": "https://registry.npmjs.org/@material/checkbox/-/checkbox-0.33.0.tgz",
      "integrity": "sha512-39feVXsifCvydKeHWZrJRKnY1AG1rxZ8Puc6KeqmAHRElJ5j/hqOHw8SZCfRMnCcxnukWOiISkDnrfzIo2TDMw==",
      "requires": {
        "@material/animation": "0.25.0",
        "@material/base": "0.29.0",
        "@material/ripple": "0.33.0",
        "@material/rtl": "0.33.0",
        "@material/selection-control": "0.33.0",
        "@material/theme": "0.33.0"
      }
    },
    "@material/chips": {
      "version": "0.33.0",
      "resolved": "https://registry.npmjs.org/@material/chips/-/chips-0.33.0.tgz",
      "integrity": "sha512-IYaG4oxv7S8unp4rg1h384c3SGhqjfTiQpsfzeR4Z3JBgqmV7isbiU1XXwfgVcOzitgbKfOoBcxk7c71jpO5/w==",
      "requires": {
        "@material/animation": "0.25.0",
        "@material/base": "0.29.0",
        "@material/checkbox": "0.33.0",
        "@material/ripple": "0.33.0"
      }
    },
    "@material/dialog": {
      "version": "0.33.0",
      "resolved": "https://registry.npmjs.org/@material/dialog/-/dialog-0.33.0.tgz",
      "integrity": "sha512-t4v/CoEojy4RJuOgNR+g22rXjLkUmQwzoMx4Q3eQYGKcyrazxgVCAnmD6eY+UKzL1D8XN8x1bCZrS2HGwjjB8w==",
      "requires": {
        "@material/animation": "0.25.0",
        "@material/base": "0.29.0",
        "@material/elevation": "0.28.0",
        "@material/ripple": "0.33.0",
        "@material/rtl": "0.33.0",
        "@material/theme": "0.33.0",
        "@material/typography": "0.1.1",
        "focus-trap": "2.4.3"
      },
      "dependencies": {
        "@material/typography": {
          "version": "0.1.1",
          "resolved": "https://registry.npmjs.org/@material/typography/-/typography-0.1.1.tgz",
          "integrity": "sha1-+y40N70yhNOen7kUhXZ63msr0ME="
        }
      }
    },
    "@material/drawer": {
      "version": "0.33.0",
      "resolved": "https://registry.npmjs.org/@material/drawer/-/drawer-0.33.0.tgz",
      "integrity": "sha512-iRe+DVhmVUTw8LDebPdrB2Mn5T9oiGKhZiEp6APycWAb2MkPElog60iomT1LkD0nrUXCqIk0l6/TFdvTzxRHmA==",
      "requires": {
        "@material/animation": "0.25.0",
        "@material/base": "0.29.0",
        "@material/elevation": "0.28.0",
        "@material/rtl": "0.33.0",
        "@material/theme": "0.33.0",
        "@material/typography": "0.28.0"
      }
    },
    "@material/elevation": {
      "version": "0.28.0",
      "resolved": "https://registry.npmjs.org/@material/elevation/-/elevation-0.28.0.tgz",
      "integrity": "sha512-U2utCuMDDhrJ8Cyisz16GAejN9h9xyS4jvVkt2uIOUyPZRjnaJyoAbpyf0mOzFxIdBuRpNGJYm2PoAwHsSA+xw==",
      "requires": {
        "@material/animation": "0.25.0",
        "@material/theme": "0.4.0"
      },
      "dependencies": {
        "@material/theme": {
          "version": "0.4.0",
          "resolved": "https://registry.npmjs.org/@material/theme/-/theme-0.4.0.tgz",
          "integrity": "sha1-Cu8aAnm2XBWZBYT7i47KCVxzRkE="
        }
      }
    },
    "@material/fab": {
      "version": "0.33.0",
      "resolved": "https://registry.npmjs.org/@material/fab/-/fab-0.33.0.tgz",
      "integrity": "sha512-ts6fM0PLgihJof8FVZVR6vVb1sgk8pQtuGjkruPcaXoD0ZS+9dP8fkMfQGcvaRfzB55wmr0K/gqrHZC6RxjXSw==",
      "requires": {
        "@material/animation": "0.25.0",
        "@material/elevation": "0.28.0",
        "@material/ripple": "0.33.0",
        "@material/theme": "0.33.0"
      }
    },
    "@material/floating-label": {
      "version": "0.33.0",
      "resolved": "https://registry.npmjs.org/@material/floating-label/-/floating-label-0.33.0.tgz",
      "integrity": "sha512-gogkZDAEhct/7i3w/xCKaysMcIh2s/ER005+lsVhSfxnTmhUnsdupLcJj54dtEzUnujEqRRzGyF3J/Eh+/35HA==",
      "requires": {
        "@material/base": "0.29.0",
        "@material/rtl": "0.33.0",
        "@material/theme": "0.33.0"
      }
    },
    "@material/form-field": {
      "version": "0.33.0",
      "resolved": "https://registry.npmjs.org/@material/form-field/-/form-field-0.33.0.tgz",
      "integrity": "sha512-ddawsEvmg3rx3CX81Xb1bVnswEXL3nD7tpIx0z2RT/vntPUEmQmAKXou8sgN3k+BZXtP+C3BUK8PQDWkckLqqw==",
      "requires": {
        "@material/base": "0.29.0",
        "@material/rtl": "0.33.0",
        "@material/selection-control": "0.33.0",
        "@material/theme": "0.33.0",
        "@material/typography": "0.28.0"
      }
    },
    "@material/grid-list": {
      "version": "0.33.0",
      "resolved": "https://registry.npmjs.org/@material/grid-list/-/grid-list-0.33.0.tgz",
      "integrity": "sha512-T/hfEYC45G5RkkjLqwHPfs3xE3E2g175Ijst24tdZU7TovVcXMsrmp6jZi5NOKFq1Jn4fpP9soyIg3qGwDZxig==",
      "requires": {
        "@material/base": "0.29.0",
        "@material/rtl": "0.33.0",
        "@material/theme": "0.33.0",
        "@material/typography": "0.28.0"
      }
    },
    "@material/icon-toggle": {
      "version": "0.33.0",
      "resolved": "https://registry.npmjs.org/@material/icon-toggle/-/icon-toggle-0.33.0.tgz",
      "integrity": "sha512-S7MQJATKbyW+NoIiqKJkOOv272e+EsZt0Y+5aMRK/5KZpBJ83rStJpz5u7NBAsV9oQ2iNb0zSsyAuWL4m4ob/w==",
      "requires": {
        "@material/animation": "0.25.0",
        "@material/base": "0.29.0",
        "@material/ripple": "0.33.0",
        "@material/theme": "0.33.0"
      }
    },
    "@material/image-list": {
      "version": "0.33.0",
      "resolved": "https://registry.npmjs.org/@material/image-list/-/image-list-0.33.0.tgz",
      "integrity": "sha512-nz5VavkXz1s+3ZdC6wQJoxAPmk15qYsIweJKeYqdvtDEH/UEjbw9muS+vG3GI3y782Lfsnw5QA9LmvgGIbxsDQ==",
      "requires": {
        "@material/theme": "0.33.0",
        "@material/typography": "0.28.0"
      }
    },
    "@material/layout-grid": {
      "version": "0.24.0",
      "resolved": "https://registry.npmjs.org/@material/layout-grid/-/layout-grid-0.24.0.tgz",
      "integrity": "sha512-38Si5CQgRkQwTSVb+lfCZkH8QEe1/HWfj2yNmK5OIFRMBFbSjQRsvf3p+aU1R7fM4TDjNKcgUWqRtBnKuUjNCQ=="
    },
    "@material/line-ripple": {
      "version": "0.33.0",
      "resolved": "https://registry.npmjs.org/@material/line-ripple/-/line-ripple-0.33.0.tgz",
      "integrity": "sha512-xOlhiCIsFP3f8yC2zYpVxBbwBXLA/+CSnHxVQ3rlqrjZfZcOmYe0VvO85vEexm2Ig3/+hYPmeDZHRJk9scqARw==",
      "requires": {
        "@material/animation": "0.25.0",
        "@material/base": "0.29.0",
        "@material/theme": "0.33.0"
      }
    },
    "@material/linear-progress": {
      "version": "0.33.0",
      "resolved": "https://registry.npmjs.org/@material/linear-progress/-/linear-progress-0.33.0.tgz",
      "integrity": "sha512-lAeP5wENaV+dbroQ0AE2o1i8sESokrQGNzzEVKwmsSb2JcI/OzSvrIdqIsE3ehAn51KVh8a0r7hpQEII4puy5g==",
      "requires": {
        "@material/animation": "0.25.0",
        "@material/base": "0.29.0",
        "@material/theme": "0.33.0"
      }
    },
    "@material/list": {
      "version": "0.33.0",
      "resolved": "https://registry.npmjs.org/@material/list/-/list-0.33.0.tgz",
      "integrity": "sha512-MN9YrU6SKqbj6b7wfi7JGeDbGNnFQ0uW7k2v3gx1qO/pOVjpRqWtAHRCl26dNkukInCFB87zHvun8upza6n6RA==",
      "requires": {
        "@material/ripple": "0.33.0",
        "@material/rtl": "0.33.0",
        "@material/theme": "0.33.0",
        "@material/typography": "0.28.0"
      }
    },
    "@material/menu": {
      "version": "0.33.0",
      "resolved": "https://registry.npmjs.org/@material/menu/-/menu-0.33.0.tgz",
      "integrity": "sha512-30locYPwbEELvopOj00ee0MH9wXjYsUj7mys1mSbLVLBBbeC42eif7uhcO99p8Y+a2/d4OZ1/0VASSq9ZVq5Mg==",
      "requires": {
        "@material/animation": "0.25.0",
        "@material/base": "0.29.0",
        "@material/elevation": "0.28.0",
        "@material/theme": "0.33.0",
        "@material/typography": "0.28.0"
      }
    },
    "@material/notched-outline": {
      "version": "0.33.0",
      "resolved": "https://registry.npmjs.org/@material/notched-outline/-/notched-outline-0.33.0.tgz",
      "integrity": "sha512-SkDbOT4w5NKs/+V1VtxPDbOyjGgIqLtRLFKQO77Et6whjAYzSFSSMmqBpgX2kXQz3KRA0N408NKSH1J5jmufvg==",
      "requires": {
        "@material/animation": "0.25.0",
        "@material/base": "0.29.0",
        "@material/theme": "0.33.0"
      }
    },
    "@material/radio": {
      "version": "0.33.0",
      "resolved": "https://registry.npmjs.org/@material/radio/-/radio-0.33.0.tgz",
      "integrity": "sha512-yDx2kFgZeroIjij/nCMOj121bGu5iBvtpoFpyRZW+QYQ4VykpP7SSTCQAL6y7IpbekPU2uaTdeQXvcSlVQmNCQ==",
      "requires": {
        "@material/animation": "0.25.0",
        "@material/base": "0.29.0",
        "@material/ripple": "0.33.0",
        "@material/selection-control": "0.33.0",
        "@material/theme": "0.33.0"
      }
    },
    "@material/ripple": {
      "version": "0.33.0",
      "resolved": "https://registry.npmjs.org/@material/ripple/-/ripple-0.33.0.tgz",
      "integrity": "sha512-1YB5ZhtdMVON1MoIyL/Wk5q8QEWF2lPZP6NsEwU6YGzfK9Xw01iJOAY7Fq9omC3wD1n1CFD6pXxj9+XWpW+m0w==",
      "requires": {
        "@material/base": "0.29.0",
        "@material/theme": "0.33.0"
      }
    },
    "@material/rtl": {
      "version": "0.33.0",
      "resolved": "https://registry.npmjs.org/@material/rtl/-/rtl-0.33.0.tgz",
      "integrity": "sha512-uCx7IcDdxL3KkskzGHy3guK22sBl/l5TiTkIXq3MJBKnsIicYA/Ygy1q9ft72nXGsCWxgv+0uukduQE15zjh/g=="
    },
    "@material/select": {
      "version": "0.33.0",
      "resolved": "https://registry.npmjs.org/@material/select/-/select-0.33.0.tgz",
      "integrity": "sha512-xZHZObOr6H1LhNEA+N4XOKfkXc6oxNdwLh2gmmkh4mjw4/nLPFcOWa7G0v4+2RZDZEi8SNK9qHh9PJqIhTY+1A==",
      "requires": {
        "@material/animation": "0.25.0",
        "@material/base": "0.29.0",
        "@material/list": "0.33.0",
        "@material/menu": "0.33.0",
        "@material/ripple": "0.33.0",
        "@material/rtl": "0.33.0",
        "@material/theme": "0.33.0",
        "@material/typography": "0.28.0"
      }
    },
    "@material/selection-control": {
      "version": "0.33.0",
      "resolved": "https://registry.npmjs.org/@material/selection-control/-/selection-control-0.33.0.tgz",
      "integrity": "sha512-3HnSWdnJGmQKPcjL9pLQQUhuaqmV8RVtKqd6rEASMipl7tbKWYgvSrukA0SZnpq3Nk0fZ6VqH1J4uv28UKbbjw==",
      "requires": {
        "@material/ripple": "0.33.0"
      }
    },
    "@material/slider": {
      "version": "0.33.0",
      "resolved": "https://registry.npmjs.org/@material/slider/-/slider-0.33.0.tgz",
      "integrity": "sha512-HFh1Ajv/pAG6Yu30swzhhN8u3+mYJTi/1P2zMUADT1KHs3Zex3/KRxAbdBaiN2BeCTVtko7zU+lOfx1OuaUsSw==",
      "requires": {
        "@material/animation": "0.25.0",
        "@material/base": "0.29.0",
        "@material/rtl": "0.33.0",
        "@material/theme": "0.33.0"
      }
    },
    "@material/snackbar": {
      "version": "0.33.0",
      "resolved": "https://registry.npmjs.org/@material/snackbar/-/snackbar-0.33.0.tgz",
      "integrity": "sha512-SI6XOpFnzt/FyPNH+LQPAEb/Rf3K1cK3O2AGcCdIErRc8xjRYjV9Jnm4UwZ8BsKu7vFnFGrEcHJois8IZ1fhsA==",
      "requires": {
        "@material/animation": "0.25.0",
        "@material/base": "0.29.0",
        "@material/rtl": "0.33.0",
        "@material/theme": "0.33.0",
        "@material/typography": "0.28.0"
      }
    },
    "@material/switch": {
      "version": "0.33.0",
      "resolved": "https://registry.npmjs.org/@material/switch/-/switch-0.33.0.tgz",
      "integrity": "sha512-SselhPNBY3LAGVqhLs2znX+/h4HYMTkuadf1qvsMZZahQxLlkFSgKzA0KR37NCcJzuS2bPQlEc8sY0nf2IoKfA==",
      "requires": {
        "@material/animation": "0.25.0",
        "@material/elevation": "0.28.0",
        "@material/theme": "0.33.0"
      }
    },
    "@material/tabs": {
      "version": "0.33.0",
      "resolved": "https://registry.npmjs.org/@material/tabs/-/tabs-0.33.0.tgz",
      "integrity": "sha512-45OfyLQzG8ll+4notsOiOWfsw794TZ4xOmg0Ivkv+uJfhxICCVALVggpMOIwjKxsEXyPWFbeZUnoHVhFmTVdug==",
      "requires": {
        "@material/animation": "0.25.0",
        "@material/base": "0.29.0",
        "@material/ripple": "0.33.0",
        "@material/rtl": "0.33.0",
        "@material/theme": "0.33.0",
        "@material/typography": "0.28.0"
      }
    },
    "@material/textfield": {
      "version": "0.33.0",
      "resolved": "https://registry.npmjs.org/@material/textfield/-/textfield-0.33.0.tgz",
      "integrity": "sha512-pP/seJudmI4n5DE7UhFH8/cMB4HueOmJJiZTolm+sagO/tSnrqzqoq+Xi+6OhkGV+L92Bae+4w380w8b1gZrCQ==",
      "requires": {
        "@material/animation": "0.25.0",
        "@material/base": "0.29.0",
        "@material/floating-label": "0.33.0",
        "@material/line-ripple": "0.33.0",
        "@material/notched-outline": "0.33.0",
        "@material/ripple": "0.33.0",
        "@material/rtl": "0.33.0",
        "@material/theme": "0.33.0",
        "@material/typography": "0.28.0"
      }
    },
    "@material/theme": {
      "version": "0.33.0",
      "resolved": "https://registry.npmjs.org/@material/theme/-/theme-0.33.0.tgz",
      "integrity": "sha512-6uWLB7xypHblYGi43TNxCR8505T5DQUUmWTi/EJg/Q+NvRJy9ZBU5lx9u9bEdXg13wVWlwtA3EqKA3OsOztJSg=="
    },
    "@material/toolbar": {
      "version": "0.33.0",
      "resolved": "https://registry.npmjs.org/@material/toolbar/-/toolbar-0.33.0.tgz",
      "integrity": "sha512-Nq4DQlgwV6hLIxKgOErFGTlNl79Dh24fKxian0GFfh5uvO2tbfAgexGxeh7N76P8DiJEhTHPAq6wG91W+2m0Bg==",
      "requires": {
        "@material/base": "0.29.0",
        "@material/elevation": "0.28.0",
        "@material/ripple": "0.33.0",
        "@material/rtl": "0.33.0",
        "@material/theme": "0.33.0",
        "@material/typography": "0.28.0"
      }
    },
    "@material/top-app-bar": {
      "version": "0.33.0",
      "resolved": "https://registry.npmjs.org/@material/top-app-bar/-/top-app-bar-0.33.0.tgz",
      "integrity": "sha512-DimkiYMDIiaufjwkU8lNK+ay6v9ZUsk8lhmsvCKcyx0wukK/zQgLXeaKrlDayOo3lKQRodqrDH6xakRxp3P28w==",
      "requires": {
        "@material/animation": "0.25.0",
        "@material/base": "0.29.0",
        "@material/elevation": "0.28.0",
        "@material/ripple": "0.33.0",
        "@material/rtl": "0.33.0",
        "@material/theme": "0.33.0",
        "@material/typography": "0.28.0"
      }
    },
    "@material/typography": {
      "version": "0.28.0",
      "resolved": "https://registry.npmjs.org/@material/typography/-/typography-0.28.0.tgz",
      "integrity": "sha512-Cz8XxO/bocChQAM87xTAN9CM31Q04FgW0N4lSQWyha2PAK/LdtfjjWFPZWNZKyQbZJBNjINbE3/PqMnWDTd4cQ=="
    },
    "JSONStream": {
      "version": "0.10.0",
      "resolved": "https://registry.npmjs.org/JSONStream/-/JSONStream-0.10.0.tgz",
      "integrity": "sha1-dDSdDYlSK3HzDwoD/5vSDKbxKsA=",
      "requires": {
        "jsonparse": "0.0.5",
        "through": "2.3.8"
      }
    },
    "async": {
      "version": "1.5.2",
      "resolved": "https://registry.npmjs.org/async/-/async-1.5.2.tgz",
      "integrity": "sha1-7GphrlZIDAw8skHJVhjiCJL5Zyo="
    },
    "browserify-cache-api": {
      "version": "3.0.1",
      "resolved": "https://registry.npmjs.org/browserify-cache-api/-/browserify-cache-api-3.0.1.tgz",
      "integrity": "sha1-liR+hT8Gj9bg1FzHPwuyzZd47wI=",
      "requires": {
        "async": "1.5.2",
        "through2": "2.0.3",
        "xtend": "4.0.1"
      }
    },
    "browserify-incremental": {
      "version": "3.1.1",
      "resolved": "https://registry.npmjs.org/browserify-incremental/-/browserify-incremental-3.1.1.tgz",
      "integrity": "sha1-BxPLdYckemMqnwjPG9FpuHi2Koo=",
      "requires": {
        "JSONStream": "0.10.0",
        "browserify-cache-api": "3.0.1",
        "through2": "2.0.3",
        "xtend": "4.0.1"
      }
    },
    "core-util-is": {
      "version": "1.0.2",
      "resolved": "https://registry.npmjs.org/core-util-is/-/core-util-is-1.0.2.tgz",
      "integrity": "sha1-tf1UIgqivFq1eqtxQMlAdUUDwac="
    },
    "focus-trap": {
      "version": "2.4.3",
      "resolved": "https://registry.npmjs.org/focus-trap/-/focus-trap-2.4.3.tgz",
      "integrity": "sha512-sT5Ip9nyAIxWq8Apt1Fdv6yTci5GotaOtO5Ro1/+F3PizttNBcCYz8j/Qze54PPFK73KUbOqh++HUCiyNPqvhA==",
      "requires": {
        "tabbable": "1.1.2"
      }
    },
    "inherits": {
      "version": "2.0.3",
      "resolved": "https://registry.npmjs.org/inherits/-/inherits-2.0.3.tgz",
      "integrity": "sha1-Yzwsg+PaQqUC9SRmAiSA9CCCYd4="
    },
    "isarray": {
      "version": "1.0.0",
      "resolved": "https://registry.npmjs.org/isarray/-/isarray-1.0.0.tgz",
      "integrity": "sha1-u5NdSFgsuhaMBoNJV6VKPgcSTxE="
    },
    "jsonparse": {
      "version": "0.0.5",
      "resolved": "https://registry.npmjs.org/jsonparse/-/jsonparse-0.0.5.tgz",
      "integrity": "sha1-MwVCrT8KZUZlt3jz6y2an6UHrGQ="
    },
    "material-components-web": {
      "version": "0.33.0",
      "resolved": "https://registry.npmjs.org/material-components-web/-/material-components-web-0.33.0.tgz",
      "integrity": "sha512-aQaon1CV1RNIE6RbNBjtjEFBSWft2LviONRcf3AJ7xYAiQ47KXAnEcfymMPN5RCD1gBmcTrNacLDtPxXpcwLxg==",
      "requires": {
        "@material/animation": "0.25.0",
        "@material/auto-init": "0.32.0",
        "@material/base": "0.29.0",
        "@material/button": "0.33.0",
        "@material/card": "0.33.0",
        "@material/checkbox": "0.33.0",
        "@material/chips": "0.33.0",
        "@material/dialog": "0.33.0",
        "@material/drawer": "0.33.0",
        "@material/elevation": "0.28.0",
        "@material/fab": "0.33.0",
        "@material/floating-label": "0.33.0",
        "@material/form-field": "0.33.0",
        "@material/grid-list": "0.33.0",
        "@material/icon-toggle": "0.33.0",
        "@material/image-list": "0.33.0",
        "@material/layout-grid": "0.24.0",
        "@material/line-ripple": "0.33.0",
        "@material/linear-progress": "0.33.0",
        "@material/list": "0.33.0",
        "@material/menu": "0.33.0",
        "@material/notched-outline": "0.33.0",
        "@material/radio": "0.33.0",
        "@material/ripple": "0.33.0",
        "@material/rtl": "0.33.0",
        "@material/select": "0.33.0",
        "@material/selection-control": "0.33.0",
        "@material/slider": "0.33.0",
        "@material/snackbar": "0.33.0",
        "@material/switch": "0.33.0",
        "@material/tabs": "0.33.0",
        "@material/textfield": "0.33.0",
        "@material/theme": "0.33.0",
        "@material/toolbar": "0.33.0",
        "@material/top-app-bar": "0.33.0",
        "@material/typography": "0.28.0"
      }
    },
    "process-nextick-args": {
      "version": "2.0.0",
      "resolved": "https://registry.npmjs.org/process-nextick-args/-/process-nextick-args-2.0.0.tgz",
      "integrity": "sha512-MtEC1TqN0EU5nephaJ4rAtThHtC86dNN9qCuEhtshvpVBkAW5ZO7BASN9REnF9eoXGcRub+pFuKEpOHE+HbEMw=="
    },
    "readable-stream": {
      "version": "2.3.5",
      "resolved": "https://registry.npmjs.org/readable-stream/-/readable-stream-2.3.5.tgz",
      "integrity": "sha512-tK0yDhrkygt/knjowCUiWP9YdV7c5R+8cR0r/kt9ZhBU906Fs6RpQJCEilamRJj1Nx2rWI6LkW9gKqjTkshhEw==",
      "requires": {
        "core-util-is": "1.0.2",
        "inherits": "2.0.3",
        "isarray": "1.0.0",
        "process-nextick-args": "2.0.0",
        "safe-buffer": "5.1.1",
        "string_decoder": "1.0.3",
        "util-deprecate": "1.0.2"
      }
    },
    "safe-buffer": {
      "version": "5.1.1",
      "resolved": "https://registry.npmjs.org/safe-buffer/-/safe-buffer-5.1.1.tgz",
      "integrity": "sha512-kKvNJn6Mm93gAczWVJg7wH+wGYWNrDHdWvpUmHyEsgCtIwwo3bqPtV4tR5tuPaUhTOo/kvhVwd8XwwOllGYkbg=="
    },
    "string_decoder": {
      "version": "1.0.3",
      "resolved": "https://registry.npmjs.org/string_decoder/-/string_decoder-1.0.3.tgz",
      "integrity": "sha512-4AH6Z5fzNNBcH+6XDMfA/BTt87skxqJlO0lAh3Dker5zThcAxG6mKz+iGu308UKoPPQ8Dcqx/4JhujzltRa+hQ==",
      "requires": {
        "safe-buffer": "5.1.1"
      }
    },
    "tabbable": {
      "version": "1.1.2",
      "resolved": "https://registry.npmjs.org/tabbable/-/tabbable-1.1.2.tgz",
      "integrity": "sha512-77oqsKEPrxIwgRcXUwipkj9W5ItO97L6eUT1Ar7vh+El16Zm4M6V+YU1cbipHEa6q0Yjw8O3Hoh8oRgatV5s7A=="
    },
    "through": {
      "version": "2.3.8",
      "resolved": "https://registry.npmjs.org/through/-/through-2.3.8.tgz",
      "integrity": "sha1-DdTJ/6q8NXlgsbckEV1+Doai4fU="
    },
    "through2": {
      "version": "2.0.3",
      "resolved": "https://registry.npmjs.org/through2/-/through2-2.0.3.tgz",
      "integrity": "sha1-AARWmzfHx0ujnEPzzteNGtlBQL4=",
      "requires": {
        "readable-stream": "2.3.5",
        "xtend": "4.0.1"
      }
    },
    "util-deprecate": {
      "version": "1.0.2",
      "resolved": "https://registry.npmjs.org/util-deprecate/-/util-deprecate-1.0.2.tgz",
      "integrity": "sha1-RQ1Nyfpw3nMnYvvS1KKJgUGaDM8="
    },
    "xtend": {
      "version": "4.0.1",
      "resolved": "https://registry.npmjs.org/xtend/-/xtend-4.0.1.tgz",
      "integrity": "sha1-pcbVMr5lbiPbgg77lDofBJmNY68="
    }
  }
}
